// !$*UTF8*$!
{
	archiveVersion = 1;
	classes = {
	};
	objectVersion = 56;
	objects = {

/* Begin PBXBuildFile section */
		F94A68F32B919514001D063B /* DependecyInjectable.swift in Sources */ = {isa = PBXBuildFile; fileRef = F94A68F22B919514001D063B /* DependecyInjectable.swift */; };
		F9BD568A2B909EB0005077EF /* RxCocoa in Frameworks */ = {isa = PBXBuildFile; productRef = F9BD56892B909EB0005077EF /* RxCocoa */; };
		F9BD568C2B909EB0005077EF /* RxRelay in Frameworks */ = {isa = PBXBuildFile; productRef = F9BD568B2B909EB0005077EF /* RxRelay */; };
		F9BD56902B909EB0005077EF /* RxSwift in Frameworks */ = {isa = PBXBuildFile; productRef = F9BD568F2B909EB0005077EF /* RxSwift */; };
		F9BD56942B909EB0005077EF /* RxTest in Frameworks */ = {isa = PBXBuildFile; productRef = F9BD56932B909EB0005077EF /* RxTest */; };
		F9BD56992B909F1F005077EF /* XCTest.framework in Frameworks */ = {isa = PBXBuildFile; fileRef = F9BD56982B909F1F005077EF /* XCTest.framework */; };
		F9BD569A2B909F1F005077EF /* XCTest.framework in Embed Frameworks */ = {isa = PBXBuildFile; fileRef = F9BD56982B909F1F005077EF /* XCTest.framework */; settings = {ATTRIBUTES = (CodeSignOnCopy, RemoveHeadersOnCopy, ); }; };
		F9BD56A32B90A2D0005077EF /* Pet.swift in Sources */ = {isa = PBXBuildFile; fileRef = F9BD56A22B90A2D0005077EF /* Pet.swift */; };
		F9BD56A52B90A36C005077EF /* DogFriendListViewModel.swift in Sources */ = {isa = PBXBuildFile; fileRef = F9BD56A42B90A36C005077EF /* DogFriendListViewModel.swift */; };
		F9BD56A72B90A448005077EF /* DetailListView.storyboard in Resources */ = {isa = PBXBuildFile; fileRef = F9BD56A62B90A448005077EF /* DetailListView.storyboard */; };
		F9BD56A92B90A45C005077EF /* AddListViewController.swift in Sources */ = {isa = PBXBuildFile; fileRef = F9BD56A82B90A45C005077EF /* AddListViewController.swift */; };
		F9BD56AB2B90B032005077EF /* DogFriendListTableViewCell.swift in Sources */ = {isa = PBXBuildFile; fileRef = F9BD56AA2B90B032005077EF /* DogFriendListTableViewCell.swift */; };
		F9C8CCF02B8F870400366300 /* AppDelegate.swift in Sources */ = {isa = PBXBuildFile; fileRef = F9C8CCEF2B8F870400366300 /* AppDelegate.swift */; };
		F9C8CCF22B8F870400366300 /* SceneDelegate.swift in Sources */ = {isa = PBXBuildFile; fileRef = F9C8CCF12B8F870400366300 /* SceneDelegate.swift */; };
		F9C8CCF42B8F870400366300 /* DogFriendListController.swift in Sources */ = {isa = PBXBuildFile; fileRef = F9C8CCF32B8F870400366300 /* DogFriendListController.swift */; };
		F9C8CCF72B8F870400366300 /* Main.storyboard in Resources */ = {isa = PBXBuildFile; fileRef = F9C8CCF52B8F870400366300 /* Main.storyboard */; };
		F9C8CCF92B8F870500366300 /* Assets.xcassets in Resources */ = {isa = PBXBuildFile; fileRef = F9C8CCF82B8F870500366300 /* Assets.xcassets */; };
		F9C8CCFC2B8F870500366300 /* LaunchScreen.storyboard in Resources */ = {isa = PBXBuildFile; fileRef = F9C8CCFA2B8F870500366300 /* LaunchScreen.storyboard */; };
/* End PBXBuildFile section */

/* Begin PBXCopyFilesBuildPhase section */
		F9BD569B2B909F1F005077EF /* Embed Frameworks */ = {
			isa = PBXCopyFilesBuildPhase;
			buildActionMask = 2147483647;
			dstPath = "";
			dstSubfolderSpec = 10;
			files = (
				F9BD569A2B909F1F005077EF /* XCTest.framework in Embed Frameworks */,
			);
			name = "Embed Frameworks";
			runOnlyForDeploymentPostprocessing = 0;
		};
/* End PBXCopyFilesBuildPhase section */

/* Begin PBXFileReference section */
		F94A68F22B919514001D063B /* DependecyInjectable.swift */ = {isa = PBXFileReference; lastKnownFileType = sourcecode.swift; path = DependecyInjectable.swift; sourceTree = "<group>"; };
		F9BD56982B909F1F005077EF /* XCTest.framework */ = {isa = PBXFileReference; lastKnownFileType = wrapper.framework; name = XCTest.framework; path = Platforms/iPhoneOS.platform/Developer/Library/Frameworks/XCTest.framework; sourceTree = DEVELOPER_DIR; };
		F9BD56A22B90A2D0005077EF /* Pet.swift */ = {isa = PBXFileReference; lastKnownFileType = sourcecode.swift; path = Pet.swift; sourceTree = "<group>"; };
		F9BD56A42B90A36C005077EF /* DogFriendListViewModel.swift */ = {isa = PBXFileReference; lastKnownFileType = sourcecode.swift; path = DogFriendListViewModel.swift; sourceTree = "<group>"; };
		F9BD56A62B90A448005077EF /* DetailListView.storyboard */ = {isa = PBXFileReference; lastKnownFileType = file.storyboard; path = DetailListView.storyboard; sourceTree = "<group>"; };
		F9BD56A82B90A45C005077EF /* AddListViewController.swift */ = {isa = PBXFileReference; lastKnownFileType = sourcecode.swift; path = AddListViewController.swift; sourceTree = "<group>"; };
		F9BD56AA2B90B032005077EF /* DogFriendListTableViewCell.swift */ = {isa = PBXFileReference; lastKnownFileType = sourcecode.swift; path = DogFriendListTableViewCell.swift; sourceTree = "<group>"; };
		F9C8CCEC2B8F870400366300 /* DogFriendList-MVVM-Protocol-Input-Output-.app */ = {isa = PBXFileReference; explicitFileType = wrapper.application; includeInIndex = 0; path = "DogFriendList-MVVM-Protocol-Input-Output-.app"; sourceTree = BUILT_PRODUCTS_DIR; };
		F9C8CCEF2B8F870400366300 /* AppDelegate.swift */ = {isa = PBXFileReference; lastKnownFileType = sourcecode.swift; path = AppDelegate.swift; sourceTree = "<group>"; };
		F9C8CCF12B8F870400366300 /* SceneDelegate.swift */ = {isa = PBXFileReference; lastKnownFileType = sourcecode.swift; path = SceneDelegate.swift; sourceTree = "<group>"; };
		F9C8CCF32B8F870400366300 /* DogFriendListController.swift */ = {isa = PBXFileReference; lastKnownFileType = sourcecode.swift; path = DogFriendListController.swift; sourceTree = "<group>"; };
		F9C8CCF62B8F870400366300 /* Base */ = {isa = PBXFileReference; lastKnownFileType = file.storyboard; name = Base; path = Base.lproj/Main.storyboard; sourceTree = "<group>"; };
		F9C8CCF82B8F870500366300 /* Assets.xcassets */ = {isa = PBXFileReference; lastKnownFileType = folder.assetcatalog; path = Assets.xcassets; sourceTree = "<group>"; };
		F9C8CCFB2B8F870500366300 /* Base */ = {isa = PBXFileReference; lastKnownFileType = file.storyboard; name = Base; path = Base.lproj/LaunchScreen.storyboard; sourceTree = "<group>"; };
		F9C8CCFD2B8F870500366300 /* Info.plist */ = {isa = PBXFileReference; lastKnownFileType = text.plist.xml; path = Info.plist; sourceTree = "<group>"; };
/* End PBXFileReference section */

/* Begin PBXFrameworksBuildPhase section */
		F9C8CCE92B8F870400366300 /* Frameworks */ = {
			isa = PBXFrameworksBuildPhase;
			buildActionMask = 2147483647;
			files = (
				F9BD568C2B909EB0005077EF /* RxRelay in Frameworks */,
				F9BD568A2B909EB0005077EF /* RxCocoa in Frameworks */,
				F9BD56992B909F1F005077EF /* XCTest.framework in Frameworks */,
				F9BD56902B909EB0005077EF /* RxSwift in Frameworks */,
				F9BD56942B909EB0005077EF /* RxTest in Frameworks */,
			);
			runOnlyForDeploymentPostprocessing = 0;
		};
/* End PBXFrameworksBuildPhase section */

/* Begin PBXGroup section */
		F9BD56972B909F1E005077EF /* Frameworks */ = {
			isa = PBXGroup;
			children = (
				F9BD56982B909F1F005077EF /* XCTest.framework */,
			);
			name = Frameworks;
			sourceTree = "<group>";
		};
		F9BD569C2B90A1E5005077EF /* App */ = {
			isa = PBXGroup;
			children = (
				F9C8CCEF2B8F870400366300 /* AppDelegate.swift */,
				F9C8CCF12B8F870400366300 /* SceneDelegate.swift */,
			);
			path = App;
			sourceTree = "<group>";
		};
		F9BD569D2B90A1E8005077EF /* View */ = {
			isa = PBXGroup;
			children = (
				F9BD56A12B90A2B8005077EF /* Controller */,
				F9C8CCF52B8F870400366300 /* Main.storyboard */,
				F9BD56A62B90A448005077EF /* DetailListView.storyboard */,
			);
			path = View;
			sourceTree = "<group>";
		};
		F9BD569E2B90A1E9005077EF /* ViewModel */ = {
			isa = PBXGroup;
			children = (
				F9BD56A42B90A36C005077EF /* DogFriendListViewModel.swift */,
			);
			path = ViewModel;
			sourceTree = "<group>";
		};
		F9BD569F2B90A1ED005077EF /* Model */ = {
			isa = PBXGroup;
			children = (
				F9BD56A22B90A2D0005077EF /* Pet.swift */,
				F94A68F22B919514001D063B /* DependecyInjectable.swift */,
			);
			path = Model;
			sourceTree = "<group>";
		};
		F9BD56A02B90A242005077EF /* Resource */ = {
			isa = PBXGroup;
			children = (
				F9C8CCF82B8F870500366300 /* Assets.xcassets */,
				F9C8CCFA2B8F870500366300 /* LaunchScreen.storyboard */,
			);
			path = Resource;
			sourceTree = "<group>";
		};
		F9BD56A12B90A2B8005077EF /* Controller */ = {
			isa = PBXGroup;
			children = (
				F9BD56AA2B90B032005077EF /* DogFriendListTableViewCell.swift */,
				F9C8CCF32B8F870400366300 /* DogFriendListController.swift */,
				F9BD56A82B90A45C005077EF /* AddListViewController.swift */,
			);
			path = Controller;
			sourceTree = "<group>";
		};
		F9C8CCE32B8F870400366300 = {
			isa = PBXGroup;
			children = (
				F9C8CCEE2B8F870400366300 /* DogFriendList-MVVM-Protocol-Input-Output- */,
				F9C8CCED2B8F870400366300 /* Products */,
				F9BD56972B909F1E005077EF /* Frameworks */,
			);
			sourceTree = "<group>";
		};
		F9C8CCED2B8F870400366300 /* Products */ = {
			isa = PBXGroup;
			children = (
				F9C8CCEC2B8F870400366300 /* DogFriendList-MVVM-Protocol-Input-Output-.app */,
			);
			name = Products;
			sourceTree = "<group>";
		};
		F9C8CCEE2B8F870400366300 /* DogFriendList-MVVM-Protocol-Input-Output- */ = {
			isa = PBXGroup;
			children = (
				F9C8CCFD2B8F870500366300 /* Info.plist */,
				F9BD569C2B90A1E5005077EF /* App */,
				F9BD56A02B90A242005077EF /* Resource */,
				F9BD569F2B90A1ED005077EF /* Model */,
				F9BD569E2B90A1E9005077EF /* ViewModel */,
				F9BD569D2B90A1E8005077EF /* View */,
			);
			path = "DogFriendList-MVVM-Protocol-Input-Output-";
			sourceTree = "<group>";
		};
/* End PBXGroup section */

/* Begin PBXNativeTarget section */
		F9C8CCEB2B8F870400366300 /* DogFriendList-MVVM-Protocol-Input-Output- */ = {
			isa = PBXNativeTarget;
			buildConfigurationList = F9C8CD002B8F870500366300 /* Build configuration list for PBXNativeTarget "DogFriendList-MVVM-Protocol-Input-Output-" */;
			buildPhases = (
				F9C8CCE82B8F870400366300 /* Sources */,
				F9C8CCE92B8F870400366300 /* Frameworks */,
				F9C8CCEA2B8F870400366300 /* Resources */,
				F9BD569B2B909F1F005077EF /* Embed Frameworks */,
			);
			buildRules = (
			);
			dependencies = (
			);
			name = "DogFriendList-MVVM-Protocol-Input-Output-";
			packageProductDependencies = (
				F9BD56892B909EB0005077EF /* RxCocoa */,
				F9BD568B2B909EB0005077EF /* RxRelay */,
				F9BD568F2B909EB0005077EF /* RxSwift */,
				F9BD56932B909EB0005077EF /* RxTest */,
			);
			productName = "DogFriendList-MVVM-Protocol-Input-Output-";
			productReference = F9C8CCEC2B8F870400366300 /* DogFriendList-MVVM-Protocol-Input-Output-.app */;
			productType = "com.apple.product-type.application";
		};
/* End PBXNativeTarget section */

/* Begin PBXProject section */
		F9C8CCE42B8F870400366300 /* Project object */ = {
			isa = PBXProject;
			attributes = {
				BuildIndependentTargetsInParallel = 1;
				LastSwiftUpdateCheck = 1520;
				LastUpgradeCheck = 1520;
				TargetAttributes = {
					F9C8CCEB2B8F870400366300 = {
						CreatedOnToolsVersion = 15.2;
					};
				};
			};
			buildConfigurationList = F9C8CCE72B8F870400366300 /* Build configuration list for PBXProject "DogFriendList-MVVM-Protocol-Input-Output-" */;
			compatibilityVersion = "Xcode 14.0";
			developmentRegion = en;
			hasScannedForEncodings = 0;
			knownRegions = (
				en,
				Base,
			);
			mainGroup = F9C8CCE32B8F870400366300;
			packageReferences = (
				F9BD56882B909EB0005077EF /* XCRemoteSwiftPackageReference "RxSwift" */,
			);
			productRefGroup = F9C8CCED2B8F870400366300 /* Products */;
			projectDirPath = "";
			projectRoot = "";
			targets = (
				F9C8CCEB2B8F870400366300 /* DogFriendList-MVVM-Protocol-Input-Output- */,
			);
		};
/* End PBXProject section */

/* Begin PBXResourcesBuildPhase section */
		F9C8CCEA2B8F870400366300 /* Resources */ = {
			isa = PBXResourcesBuildPhase;
			buildActionMask = 2147483647;
			files = (
				F9C8CCFC2B8F870500366300 /* LaunchScreen.storyboard in Resources */,
				F9C8CCF92B8F870500366300 /* Assets.xcassets in Resources */,
				F9BD56A72B90A448005077EF /* DetailListView.storyboard in Resources */,
				F9C8CCF72B8F870400366300 /* Main.storyboard in Resources */,
			);
			runOnlyForDeploymentPostprocessing = 0;
		};
/* End PBXResourcesBuildPhase section */

/* Begin PBXSourcesBuildPhase section */
		F9C8CCE82B8F870400366300 /* Sources */ = {
			isa = PBXSourcesBuildPhase;
			buildActionMask = 2147483647;
			files = (
				F9BD56A52B90A36C005077EF /* DogFriendListViewModel.swift in Sources */,
				F9BD56A92B90A45C005077EF /* AddListViewController.swift in Sources */,
				F9C8CCF42B8F870400366300 /* DogFriendListController.swift in Sources */,
				F9BD56AB2B90B032005077EF /* DogFriendListTableViewCell.swift in Sources */,
				F9BD56A32B90A2D0005077EF /* Pet.swift in Sources */,
				F9C8CCF02B8F870400366300 /* AppDelegate.swift in Sources */,
				F94A68F32B919514001D063B /* DependecyInjectable.swift in Sources */,
				F9C8CCF22B8F870400366300 /* SceneDelegate.swift in Sources */,
			);
			runOnlyForDeploymentPostprocessing = 0;
		};
/* End PBXSourcesBuildPhase section */

/* Begin PBXVariantGroup section */
		F9C8CCF52B8F870400366300 /* Main.storyboard */ = {
			isa = PBXVariantGroup;
			children = (
				F9C8CCF62B8F870400366300 /* Base */,
			);
			name = Main.storyboard;
			sourceTree = "<group>";
		};
		F9C8CCFA2B8F870500366300 /* LaunchScreen.storyboard */ = {
			isa = PBXVariantGroup;
			children = (
				F9C8CCFB2B8F870500366300 /* Base */,
			);
			name = LaunchScreen.storyboard;
			sourceTree = "<group>";
		};
/* End PBXVariantGroup section */

/* Begin XCBuildConfiguration section */
		F9C8CCFE2B8F870500366300 /* Debug */ = {
			isa = XCBuildConfiguration;
			buildSettings = {
				ALWAYS_SEARCH_USER_PATHS = NO;
				ASSETCATALOG_COMPILER_GENERATE_SWIFT_ASSET_SYMBOL_EXTENSIONS = YES;
				CLANG_ANALYZER_NONNULL = YES;
				CLANG_ANALYZER_NUMBER_OBJECT_CONVERSION = YES_AGGRESSIVE;
				CLANG_CXX_LANGUAGE_STANDARD = "gnu++20";
				CLANG_ENABLE_MODULES = YES;
				CLANG_ENABLE_OBJC_ARC = YES;
				CLANG_ENABLE_OBJC_WEAK = YES;
				CLANG_WARN_BLOCK_CAPTURE_AUTORELEASING = YES;
				CLANG_WARN_BOOL_CONVERSION = YES;
				CLANG_WARN_COMMA = YES;
				CLANG_WARN_CONSTANT_CONVERSION = YES;
				CLANG_WARN_DEPRECATED_OBJC_IMPLEMENTATIONS = YES;
				CLANG_WARN_DIRECT_OBJC_ISA_USAGE = YES_ERROR;
				CLANG_WARN_DOCUMENTATION_COMMENTS = YES;
				CLANG_WARN_EMPTY_BODY = YES;
				CLANG_WARN_ENUM_CONVERSION = YES;
				CLANG_WARN_INFINITE_RECURSION = YES;
				CLANG_WARN_INT_CONVERSION = YES;
				CLANG_WARN_NON_LITERAL_NULL_CONVERSION = YES;
				CLANG_WARN_OBJC_IMPLICIT_RETAIN_SELF = YES;
				CLANG_WARN_OBJC_LITERAL_CONVERSION = YES;
				CLANG_WARN_OBJC_ROOT_CLASS = YES_ERROR;
				CLANG_WARN_QUOTED_INCLUDE_IN_FRAMEWORK_HEADER = YES;
				CLANG_WARN_RANGE_LOOP_ANALYSIS = YES;
				CLANG_WARN_STRICT_PROTOTYPES = YES;
				CLANG_WARN_SUSPICIOUS_MOVE = YES;
				CLANG_WARN_UNGUARDED_AVAILABILITY = YES_AGGRESSIVE;
				CLANG_WARN_UNREACHABLE_CODE = YES;
				CLANG_WARN__DUPLICATE_METHOD_MATCH = YES;
				COPY_PHASE_STRIP = NO;
				DEBUG_INFORMATION_FORMAT = dwarf;
				ENABLE_STRICT_OBJC_MSGSEND = YES;
				ENABLE_TESTABILITY = YES;
				ENABLE_USER_SCRIPT_SANDBOXING = YES;
				GCC_C_LANGUAGE_STANDARD = gnu17;
				GCC_DYNAMIC_NO_PIC = NO;
				GCC_NO_COMMON_BLOCKS = YES;
				GCC_OPTIMIZATION_LEVEL = 0;
				GCC_PREPROCESSOR_DEFINITIONS = (
					"DEBUG=1",
					"$(inherited)",
				);
				GCC_WARN_64_TO_32_BIT_CONVERSION = YES;
				GCC_WARN_ABOUT_RETURN_TYPE = YES_ERROR;
				GCC_WARN_UNDECLARED_SELECTOR = YES;
				GCC_WARN_UNINITIALIZED_AUTOS = YES_AGGRESSIVE;
				GCC_WARN_UNUSED_FUNCTION = YES;
				GCC_WARN_UNUSED_VARIABLE = YES;
				IPHONEOS_DEPLOYMENT_TARGET = 17.2;
				LOCALIZATION_PREFERS_STRING_CATALOGS = YES;
				MTL_ENABLE_DEBUG_INFO = INCLUDE_SOURCE;
				MTL_FAST_MATH = YES;
				ONLY_ACTIVE_ARCH = YES;
				SDKROOT = iphoneos;
				SWIFT_ACTIVE_COMPILATION_CONDITIONS = "DEBUG $(inherited)";
				SWIFT_OPTIMIZATION_LEVEL = "-Onone";
			};
			name = Debug;
		};
		F9C8CCFF2B8F870500366300 /* Release */ = {
			isa = XCBuildConfiguration;
			buildSettings = {
				ALWAYS_SEARCH_USER_PATHS = NO;
				ASSETCATALOG_COMPILER_GENERATE_SWIFT_ASSET_SYMBOL_EXTENSIONS = YES;
				CLANG_ANALYZER_NONNULL = YES;
				CLANG_ANALYZER_NUMBER_OBJECT_CONVERSION = YES_AGGRESSIVE;
				CLANG_CXX_LANGUAGE_STANDARD = "gnu++20";
				CLANG_ENABLE_MODULES = YES;
				CLANG_ENABLE_OBJC_ARC = YES;
				CLANG_ENABLE_OBJC_WEAK = YES;
				CLANG_WARN_BLOCK_CAPTURE_AUTORELEASING = YES;
				CLANG_WARN_BOOL_CONVERSION = YES;
				CLANG_WARN_COMMA = YES;
				CLANG_WARN_CONSTANT_CONVERSION = YES;
				CLANG_WARN_DEPRECATED_OBJC_IMPLEMENTATIONS = YES;
				CLANG_WARN_DIRECT_OBJC_ISA_USAGE = YES_ERROR;
				CLANG_WARN_DOCUMENTATION_COMMENTS = YES;
				CLANG_WARN_EMPTY_BODY = YES;
				CLANG_WARN_ENUM_CONVERSION = YES;
				CLANG_WARN_INFINITE_RECURSION = YES;
				CLANG_WARN_INT_CONVERSION = YES;
				CLANG_WARN_NON_LITERAL_NULL_CONVERSION = YES;
				CLANG_WARN_OBJC_IMPLICIT_RETAIN_SELF = YES;
				CLANG_WARN_OBJC_LITERAL_CONVERSION = YES;
				CLANG_WARN_OBJC_ROOT_CLASS = YES_ERROR;
				CLANG_WARN_QUOTED_INCLUDE_IN_FRAMEWORK_HEADER = YES;
				CLANG_WARN_RANGE_LOOP_ANALYSIS = YES;
				CLANG_WARN_STRICT_PROTOTYPES = YES;
				CLANG_WARN_SUSPICIOUS_MOVE = YES;
				CLANG_WARN_UNGUARDED_AVAILABILITY = YES_AGGRESSIVE;
				CLANG_WARN_UNREACHABLE_CODE = YES;
				CLANG_WARN__DUPLICATE_METHOD_MATCH = YES;
				COPY_PHASE_STRIP = NO;
				DEBUG_INFORMATION_FORMAT = "dwarf-with-dsym";
				ENABLE_NS_ASSERTIONS = NO;
				ENABLE_STRICT_OBJC_MSGSEND = YES;
				ENABLE_USER_SCRIPT_SANDBOXING = YES;
				GCC_C_LANGUAGE_STANDARD = gnu17;
				GCC_NO_COMMON_BLOCKS = YES;
				GCC_WARN_64_TO_32_BIT_CONVERSION = YES;
				GCC_WARN_ABOUT_RETURN_TYPE = YES_ERROR;
				GCC_WARN_UNDECLARED_SELECTOR = YES;
				GCC_WARN_UNINITIALIZED_AUTOS = YES_AGGRESSIVE;
				GCC_WARN_UNUSED_FUNCTION = YES;
				GCC_WARN_UNUSED_VARIABLE = YES;
				IPHONEOS_DEPLOYMENT_TARGET = 17.2;
				LOCALIZATION_PREFERS_STRING_CATALOGS = YES;
				MTL_ENABLE_DEBUG_INFO = NO;
				MTL_FAST_MATH = YES;
				SDKROOT = iphoneos;
				SWIFT_COMPILATION_MODE = wholemodule;
				VALIDATE_PRODUCT = YES;
			};
			name = Release;
		};
		F9C8CD012B8F870500366300 /* Debug */ = {
			isa = XCBuildConfiguration;
			buildSettings = {
				ASSETCATALOG_COMPILER_APPICON_NAME = AppIcon;
				ASSETCATALOG_COMPILER_GLOBAL_ACCENT_COLOR_NAME = AccentColor;
				CODE_SIGN_STYLE = Automatic;
				CURRENT_PROJECT_VERSION = 1;
				DEVELOPMENT_TEAM = 52TADTDD5Y;
				GENERATE_INFOPLIST_FILE = YES;
				INFOPLIST_FILE = "DogFriendList-MVVM-Protocol-Input-Output-/Info.plist";
				INFOPLIST_KEY_UIApplicationSupportsIndirectInputEvents = YES;
				INFOPLIST_KEY_UILaunchStoryboardName = LaunchScreen;
				INFOPLIST_KEY_UIMainStoryboardFile = Main;
				INFOPLIST_KEY_UISupportedInterfaceOrientations_iPad = "UIInterfaceOrientationPortrait UIInterfaceOrientationPortraitUpsideDown UIInterfaceOrientationLandscapeLeft UIInterfaceOrientationLandscapeRight";
				INFOPLIST_KEY_UISupportedInterfaceOrientations_iPhone = "UIInterfaceOrientationPortrait UIInterfaceOrientationLandscapeLeft UIInterfaceOrientationLandscapeRight";
				IPHONEOS_DEPLOYMENT_TARGET = 15.0;
				LD_RUNPATH_SEARCH_PATHS = (
					"$(inherited)",
					"@executable_path/Frameworks",
				);
				MARKETING_VERSION = 1.0;
				PRODUCT_BUNDLE_IDENTIFIER = "kwangjo93.DogFriendList-MVVM-Protocol-Input-Output-";
				PRODUCT_NAME = "$(TARGET_NAME)";
				SUPPORTED_PLATFORMS = "iphoneos iphonesimulator";
				SUPPORTS_MACCATALYST = NO;
				SUPPORTS_MAC_DESIGNED_FOR_IPHONE_IPAD = NO;
				SUPPORTS_XR_DESIGNED_FOR_IPHONE_IPAD = NO;
				SWIFT_EMIT_LOC_STRINGS = YES;
				SWIFT_VERSION = 5.0;
				TARGETED_DEVICE_FAMILY = 1;
			};
			name = Debug;
		};
		F9C8CD022B8F870500366300 /* Release */ = {
			isa = XCBuildConfiguration;
			buildSettings = {
				ASSETCATALOG_COMPILER_APPICON_NAME = AppIcon;
				ASSETCATALOG_COMPILER_GLOBAL_ACCENT_COLOR_NAME = AccentColor;
				CODE_SIGN_STYLE = Automatic;
				CURRENT_PROJECT_VERSION = 1;
				DEVELOPMENT_TEAM = 52TADTDD5Y;
				GENERATE_INFOPLIST_FILE = YES;
				INFOPLIST_FILE = "DogFriendList-MVVM-Protocol-Input-Output-/Info.plist";
				INFOPLIST_KEY_UIApplicationSupportsIndirectInputEvents = YES;
				INFOPLIST_KEY_UILaunchStoryboardName = LaunchScreen;
				INFOPLIST_KEY_UIMainStoryboardFile = Main;
				INFOPLIST_KEY_UISupportedInterfaceOrientations_iPad = "UIInterfaceOrientationPortrait UIInterfaceOrientationPortraitUpsideDown UIInterfaceOrientationLandscapeLeft UIInterfaceOrientationLandscapeRight";
				INFOPLIST_KEY_UISupportedInterfaceOrientations_iPhone = "UIInterfaceOrientationPortrait UIInterfaceOrientationLandscapeLeft UIInterfaceOrientationLandscapeRight";
				IPHONEOS_DEPLOYMENT_TARGET = 15.0;
				LD_RUNPATH_SEARCH_PATHS = (
					"$(inherited)",
					"@executable_path/Frameworks",
				);
				MARKETING_VERSION = 1.0;
				PRODUCT_BUNDLE_IDENTIFIER = "kwangjo93.DogFriendList-MVVM-Protocol-Input-Output-";
				PRODUCT_NAME = "$(TARGET_NAME)";
				SUPPORTED_PLATFORMS = "iphoneos iphonesimulator";
				SUPPORTS_MACCATALYST = NO;
				SUPPORTS_MAC_DESIGNED_FOR_IPHONE_IPAD = NO;
				SUPPORTS_XR_DESIGNED_FOR_IPHONE_IPAD = NO;
				SWIFT_EMIT_LOC_STRINGS = YES;
				SWIFT_VERSION = 5.0;
				TARGETED_DEVICE_FAMILY = 1;
			};
			name = Release;
		};
/* End XCBuildConfiguration section */

/* Begin XCConfigurationList section */
		F9C8CCE72B8F870400366300 /* Build configuration list for PBXProject "DogFriendList-MVVM-Protocol-Input-Output-" */ = {
			isa = XCConfigurationList;
			buildConfigurations = (
				F9C8CCFE2B8F870500366300 /* Debug */,
				F9C8CCFF2B8F870500366300 /* Release */,
			);
			defaultConfigurationIsVisible = 0;
			defaultConfigurationName = Release;
		};
		F9C8CD002B8F870500366300 /* Build configuration list for PBXNativeTarget "DogFriendList-MVVM-Protocol-Input-Output-" */ = {
			isa = XCConfigurationList;
			buildConfigurations = (
				F9C8CD012B8F870500366300 /* Debug */,
				F9C8CD022B8F870500366300 /* Release */,
			);
			defaultConfigurationIsVisible = 0;
			defaultConfigurationName = Release;
		};
/* End XCConfigurationList section */

/* Begin XCRemoteSwiftPackageReference section */
		F9BD56882B909EB0005077EF /* XCRemoteSwiftPackageReference "RxSwift" */ = {
			isa = XCRemoteSwiftPackageReference;
			repositoryURL = "https://github.com/ReactiveX/RxSwift.git";
			requirement = {
				kind = upToNextMajorVersion;
				minimumVersion = 6.6.0;
			};
		};
/* End XCRemoteSwiftPackageReference section */

/* Begin XCSwiftPackageProductDependency section */
		F9BD56892B909EB0005077EF /* RxCocoa */ = {
			isa = XCSwiftPackageProductDependency;
			package = F9BD56882B909EB0005077EF /* XCRemoteSwiftPackageReference "RxSwift" */;
			productName = RxCocoa;
		};
		F9BD568B2B909EB0005077EF /* RxRelay */ = {
			isa = XCSwiftPackageProductDependency;
			package = F9BD56882B909EB0005077EF /* XCRemoteSwiftPackageReference "RxSwift" */;
			productName = RxRelay;
		};
		F9BD568F2B909EB0005077EF /* RxSwift */ = {
			isa = XCSwiftPackageProductDependency;
			package = F9BD56882B909EB0005077EF /* XCRemoteSwiftPackageReference "RxSwift" */;
			productName = RxSwift;
		};
		F9BD56932B909EB0005077EF /* RxTest */ = {
			isa = XCSwiftPackageProductDependency;
			package = F9BD56882B909EB0005077EF /* XCRemoteSwiftPackageReference "RxSwift" */;
			productName = RxTest;
		};
/* End XCSwiftPackageProductDependency section */
	};
	rootObject = F9C8CCE42B8F870400366300 /* Project object */;
}
